# This file is autogenerated, do not edit; changes may be undone by the next 'dep ensure'.


[[projects]]
  branch = "master"
  name = "github.com/btcsuite/btcd"
  packages = [
    "blockchain",
    "btcec",
    "chaincfg",
    "chaincfg/chainhash",
    "database",
    "txscript",
    "wire"
  ]
  revision = "67e573d211ace594f1366b4ce9d39726c4b19bd0"

[[projects]]
  branch = "master"
  name = "github.com/btcsuite/btclog"
  packages = ["."]
  revision = "84c8d2346e9fc8c7b947e243b9c24e6df9fd206a"

[[projects]]
  branch = "master"
  name = "github.com/btcsuite/btcutil"
  packages = [
    ".",
    "base58",
    "bech32"
  ]
  revision = "ab6388e0c60ae4834a1f57511e20c17b5f78be4b"

[[projects]]
  branch = "master"
  name = "github.com/btcsuite/btcwallet"
  packages = [
    "internal/helpers",
    "wallet/internal/txsizes",
    "wallet/txauthor",
    "wallet/txrules"
  ]
  revision = "9eec895db8ffa3574bb96f132c5d6eaa22bea3cf"

[[projects]]
  branch = "dev"
  name = "gitlab.com/instak_backend/miron"
  packages = [
    "src/lib/btcsuite/btcd/chaincfg",
    "src/lib/btcsuite/btcd/chaincfg/chainhash",
    "src/lib/btcsuite/btcd/wire"
  ]
  revision = "a2255fbe2370401253125cfa5f04f4b4e0676e6a"

[[projects]]
  branch = "master"
  name = "golang.org/x/crypto"
  packages = ["ripemd160"]
  revision = "3d3f9f413869b949e48070b5bc593aa22cc2b8f2"

[solve-meta]
  analyzer-name = "dep"
  analyzer-version = 1
  inputs-digest = "21a7ff1ef6d4b812526bf671a3a8474ab3265455132bae71738a2d89869d1fd5"
  solver-name = "gps-cdcl"
  solver-version = 1
